
Microsoft Visual Studio Solution File, Format Version 12.00
# Visual Studio 15
VisualStudioVersion = 15.0.27130.2026
MinimumVisualStudioVersion = 10.0.40219.1
Project("{2150E333-8FDC-42A3-9474-1A3956D46DE8}") = "src", "src", "{E74445DD-28F2-4920-961A-C3778DA73664}"
EndProject
Project("{2150E333-8FDC-42A3-9474-1A3956D46DE8}") = "doc", "doc", "{7B2AAD5E-368D-44EC-9215-418C718128CD}"
	ProjectSection(SolutionItems) = preProject
		.gitignore = .gitignore
		LICENSE = LICENSE
		README.md = README.md
	EndProjectSection
EndProject
Project("{2150E333-8FDC-42A3-9474-1A3956D46DE8}") = "deploy", "deploy", "{8E178E6A-3786-4105-87DA-7523E146F09C}"
	ProjectSection(SolutionItems) = preProject
		deploy\azuredeploy.json = deploy\azuredeploy.json
		deploy\deploy.ps1 = deploy\deploy.ps1
	EndProjectSection
EndProject
Project("{2150E333-8FDC-42A3-9474-1A3956D46DE8}") = "test", "test", "{70D80D12-0F5B-4966-9543-5304131A9000}"
EndProject
Project("{9A19103F-16F7-4668-BE54-9A1E7A4F7556}") = "IpCheck", "src\IpCheck\IpCheck.csproj", "{61AF18B7-EF29-44E6-80AA-5C66838FCC00}"
EndProject
Project("{2150E333-8FDC-42A3-9474-1A3956D46DE8}") = "unit", "unit", "{F3B5BE02-9BF1-40D1-8837-05D66FCABD3A}"
EndProject
Project("{2150E333-8FDC-42A3-9474-1A3956D46DE8}") = "release", "release", "{0BA84C99-4F40-45AE-9EB4-23C4A1447A4D}"
EndProject
Project("{9A19103F-16F7-4668-BE54-9A1E7A4F7556}") = "IpCheck.Tests", "test\unit\IpCheck.Tests\IpCheck.Tests.csproj", "{1E26C795-E67F-4F30-AC46-ED4D9642B95D}"
EndProject
Project("{9A19103F-16F7-4668-BE54-9A1E7A4F7556}") = "IpCheck.FunctionApp", "src\IpCheck.FunctionApp\IpCheck.FunctionApp.csproj", "{0BF71C03-3A66-4661-B95A-7FFDD686F3E1}"
EndProject
Project("{2150E333-8FDC-42A3-9474-1A3956D46DE8}") = "performance", "performance", "{D8E003AF-CDDC-42E1-A15F-E06D79DC8FA6}"
EndProject
Project("{9A19103F-16F7-4668-BE54-9A1E7A4F7556}") = "IpCheck.Performance", "test\performance\IpCheck.Performance\IpCheck.Performance.csproj", "{9467229C-83FE-44E6-9BC7-5CC8327317DD}"
EndProject
Project("{FAE04EC0-301F-11D3-BF4B-00C04F79EFBC}") = "IpCheck.FunctionApp.Tests", "test\release\IpCheck.FunctionApp.Tests\IpCheck.FunctionApp.Tests.csproj", "{2D58A1F6-4C0D-4CB8-8E06-3C2C173FE965}"
EndProject
Global
	GlobalSection(SolutionConfigurationPlatforms) = preSolution
		Debug|Any CPU = Debug|Any CPU
		Release|Any CPU = Release|Any CPU
	EndGlobalSection
	GlobalSection(ProjectConfigurationPlatforms) = postSolution
		{61AF18B7-EF29-44E6-80AA-5C66838FCC00}.Debug|Any CPU.ActiveCfg = Debug|Any CPU
		{61AF18B7-EF29-44E6-80AA-5C66838FCC00}.Debug|Any CPU.Build.0 = Debug|Any CPU
		{61AF18B7-EF29-44E6-80AA-5C66838FCC00}.Release|Any CPU.ActiveCfg = Release|Any CPU
		{61AF18B7-EF29-44E6-80AA-5C66838FCC00}.Release|Any CPU.Build.0 = Release|Any CPU
		{1E26C795-E67F-4F30-AC46-ED4D9642B95D}.Debug|Any CPU.ActiveCfg = Debug|Any CPU
		{1E26C795-E67F-4F30-AC46-ED4D9642B95D}.Debug|Any CPU.Build.0 = Debug|Any CPU
		{1E26C795-E67F-4F30-AC46-ED4D9642B95D}.Release|Any CPU.ActiveCfg = Release|Any CPU
		{1E26C795-E67F-4F30-AC46-ED4D9642B95D}.Release|Any CPU.Build.0 = Release|Any CPU
		{0BF71C03-3A66-4661-B95A-7FFDD686F3E1}.Debug|Any CPU.ActiveCfg = Debug|Any CPU
		{0BF71C03-3A66-4661-B95A-7FFDD686F3E1}.Debug|Any CPU.Build.0 = Debug|Any CPU
		{0BF71C03-3A66-4661-B95A-7FFDD686F3E1}.Release|Any CPU.ActiveCfg = Release|Any CPU
		{0BF71C03-3A66-4661-B95A-7FFDD686F3E1}.Release|Any CPU.Build.0 = Release|Any CPU
		{9467229C-83FE-44E6-9BC7-5CC8327317DD}.Debug|Any CPU.ActiveCfg = Debug|Any CPU
		{9467229C-83FE-44E6-9BC7-5CC8327317DD}.Debug|Any CPU.Build.0 = Debug|Any CPU
		{9467229C-83FE-44E6-9BC7-5CC8327317DD}.Release|Any CPU.ActiveCfg = Release|Any CPU
		{9467229C-83FE-44E6-9BC7-5CC8327317DD}.Release|Any CPU.Build.0 = Release|Any CPU
		{2D58A1F6-4C0D-4CB8-8E06-3C2C173FE965}.Debug|Any CPU.ActiveCfg = Debug|Any CPU
		{2D58A1F6-4C0D-4CB8-8E06-3C2C173FE965}.Debug|Any CPU.Build.0 = Debug|Any CPU
		{2D58A1F6-4C0D-4CB8-8E06-3C2C173FE965}.Release|Any CPU.ActiveCfg = Release|Any CPU
		{2D58A1F6-4C0D-4CB8-8E06-3C2C173FE965}.Release|Any CPU.Build.0 = Release|Any CPU
	EndGlobalSection
	GlobalSection(SolutionProperties) = preSolution
		HideSolutionNode = FALSE
	EndGlobalSection
	GlobalSection(NestedProjects) = preSolution
		{61AF18B7-EF29-44E6-80AA-5C66838FCC00} = {E74445DD-28F2-4920-961A-C3778DA73664}
		{F3B5BE02-9BF1-40D1-8837-05D66FCABD3A} = {70D80D12-0F5B-4966-9543-5304131A9000}
		{0BA84C99-4F40-45AE-9EB4-23C4A1447A4D} = {70D80D12-0F5B-4966-9543-5304131A9000}
		{1E26C795-E67F-4F30-AC46-ED4D9642B95D} = {F3B5BE02-9BF1-40D1-8837-05D66FCABD3A}
		{0BF71C03-3A66-4661-B95A-7FFDD686F3E1} = {E74445DD-28F2-4920-961A-C3778DA73664}
		{D8E003AF-CDDC-42E1-A15F-E06D79DC8FA6} = {70D80D12-0F5B-4966-9543-5304131A9000}
		{9467229C-83FE-44E6-9BC7-5CC8327317DD} = {D8E003AF-CDDC-42E1-A15F-E06D79DC8FA6}
		{2D58A1F6-4C0D-4CB8-8E06-3C2C173FE965} = {0BA84C99-4F40-45AE-9EB4-23C4A1447A4D}
	EndGlobalSection
	GlobalSection(ExtensibilityGlobals) = postSolution
		SolutionGuid = {F99521D6-99C8-41D7-83DC-3D5523498EE7}
	EndGlobalSection
EndGlobal
